
Microsoft Visual Studio Solution File, Format Version 12.00
# Visual Studio Version 17
VisualStudioVersion = 17.8.34525.116
MinimumVisualStudioVersion = 10.0.40219.1
Project("{FAE04EC0-301F-11D3-BF4B-00C04F79EFBC}") = "exaprogra", "exaprogra.csproj", "{C130FAF3-A4A5-4E15-BAA9-892D5A96E812}"
EndProject
Global
	GlobalSection(SolutionConfigurationPlatforms) = preSolution
		Debug|Any CPU = Debug|Any CPU
		Release|Any CPU = Release|Any CPU
	EndGlobalSection
	GlobalSection(ProjectConfigurationPlatforms) = postSolution
		{C130FAF3-A4A5-4E15-BAA9-892D5A96E812}.Debug|Any CPU.ActiveCfg = Debug|Any CPU
		{C130FAF3-A4A5-4E15-BAA9-892D5A96E812}.Debug|Any CPU.Build.0 = Debug|Any CPU
		{C130FAF3-A4A5-4E15-BAA9-892D5A96E812}.Release|Any CPU.ActiveCfg = Release|Any CPU
		{C130FAF3-A4A5-4E15-BAA9-892D5A96E812}.Release|Any CPU.Build.0 = Release|Any CPU
	EndGlobalSection
	GlobalSection(SolutionProperties) = preSolution
		HideSolutionNode = FALSE
	EndGlobalSection
	GlobalSection(ExtensibilityGlobals) = postSolution
		SolutionGuid = {EFFE9342-AD72-47AC-9759-E5D702D1AABC}
	EndGlobalSection
EndGlobal
